
Microsoft Visual Studio Solution File, Format Version 12.00
# Visual Studio Version 17
VisualStudioVersion = 17.14.36109.1 d17.14
MinimumVisualStudioVersion = 10.0.40219.1
Project("{FAE04EC0-301F-11D3-BF4B-00C04F79EFBC}") = "Exercise 1", "Exercise 1\Exercise 1.csproj", "{23365ADC-C3A5-42AD-83C5-C994DBA5437B}"
EndProject
Project("{FAE04EC0-301F-11D3-BF4B-00C04F79EFBC}") = "Exercise 2", "Exercise 2\Exercise 2.csproj", "{36761261-BEE2-431A-BB7C-9F8C3C6F278D}"
EndProject
Project("{FAE04EC0-301F-11D3-BF4B-00C04F79EFBC}") = "Exercise 3", "Exercise 3\Exercise 3.csproj", "{15D13B95-5F84-4821-916E-1F138E5CBDFC}"
EndProject
Global
	GlobalSection(SolutionConfigurationPlatforms) = preSolution
		Debug|Any CPU = Debug|Any CPU
		Release|Any CPU = Release|Any CPU
	EndGlobalSection
	GlobalSection(ProjectConfigurationPlatforms) = postSolution
		{23365ADC-C3A5-42AD-83C5-C994DBA5437B}.Debug|Any CPU.ActiveCfg = Debug|Any CPU
		{23365ADC-C3A5-42AD-83C5-C994DBA5437B}.Debug|Any CPU.Build.0 = Debug|Any CPU
		{23365ADC-C3A5-42AD-83C5-C994DBA5437B}.Release|Any CPU.ActiveCfg = Release|Any CPU
		{23365ADC-C3A5-42AD-83C5-C994DBA5437B}.Release|Any CPU.Build.0 = Release|Any CPU
		{36761261-BEE2-431A-BB7C-9F8C3C6F278D}.Debug|Any CPU.ActiveCfg = Debug|Any CPU
		{36761261-BEE2-431A-BB7C-9F8C3C6F278D}.Debug|Any CPU.Build.0 = Debug|Any CPU
		{36761261-BEE2-431A-BB7C-9F8C3C6F278D}.Release|Any CPU.ActiveCfg = Release|Any CPU
		{36761261-BEE2-431A-BB7C-9F8C3C6F278D}.Release|Any CPU.Build.0 = Release|Any CPU
		{15D13B95-5F84-4821-916E-1F138E5CBDFC}.Debug|Any CPU.ActiveCfg = Debug|Any CPU
		{15D13B95-5F84-4821-916E-1F138E5CBDFC}.Debug|Any CPU.Build.0 = Debug|Any CPU
		{15D13B95-5F84-4821-916E-1F138E5CBDFC}.Release|Any CPU.ActiveCfg = Release|Any CPU
		{15D13B95-5F84-4821-916E-1F138E5CBDFC}.Release|Any CPU.Build.0 = Release|Any CPU
	EndGlobalSection
	GlobalSection(SolutionProperties) = preSolution
		HideSolutionNode = FALSE
	EndGlobalSection
	GlobalSection(ExtensibilityGlobals) = postSolution
		SolutionGuid = {3D8EE0CA-7B28-4F5E-B1C8-7FE0DAD241FB}
	EndGlobalSection
EndGlobal
