
Microsoft Visual Studio Solution File, Format Version 12.00
# Visual Studio Version 17
VisualStudioVersion = 17.14.36203.30 d17.14
MinimumVisualStudioVersion = 10.0.40219.1
Project("{FAE04EC0-301F-11D3-BF4B-00C04F79EFBC}") = "Factorialandincome", "Factorialandincome\Factorialandincome.csproj", "{34B9D44B-15E3-472D-8717-BA25C47BFA61}"
EndProject
Global
	GlobalSection(SolutionConfigurationPlatforms) = preSolution
		Debug|Any CPU = Debug|Any CPU
		Release|Any CPU = Release|Any CPU
	EndGlobalSection
	GlobalSection(ProjectConfigurationPlatforms) = postSolution
		{34B9D44B-15E3-472D-8717-BA25C47BFA61}.Debug|Any CPU.ActiveCfg = Debug|Any CPU
		{34B9D44B-15E3-472D-8717-BA25C47BFA61}.Debug|Any CPU.Build.0 = Debug|Any CPU
		{34B9D44B-15E3-472D-8717-BA25C47BFA61}.Release|Any CPU.ActiveCfg = Release|Any CPU
		{34B9D44B-15E3-472D-8717-BA25C47BFA61}.Release|Any CPU.Build.0 = Release|Any CPU
	EndGlobalSection
	GlobalSection(SolutionProperties) = preSolution
		HideSolutionNode = FALSE
	EndGlobalSection
	GlobalSection(ExtensibilityGlobals) = postSolution
		SolutionGuid = {D44B23BE-CB48-47F9-9963-D2CE88D6BB4B}
	EndGlobalSection
EndGlobal
