
Microsoft Visual Studio Solution File, Format Version 12.00
# Visual Studio Version 17
VisualStudioVersion = 17.14.36203.30
MinimumVisualStudioVersion = 10.0.40219.1
Project("{FAE04EC0-301F-11D3-BF4B-00C04F79EFBC}") = "LAB 2", "LAB 2\LAB 2.csproj", "{FC4D232D-E0F0-4765-A6DC-8E59A4E7DC35}"
EndProject
Project("{FAE04EC0-301F-11D3-BF4B-00C04F79EFBC}") = "LAB 1", "LAB 1\LAB 1.csproj", "{86A6FF74-F91E-472B-9ED0-F2373BD7E2DE}"
EndProject
Project("{FAE04EC0-301F-11D3-BF4B-00C04F79EFBC}") = "LAB 3", "LAB 3\LAB 3.csproj", "{DF5FDC57-82F6-4044-A6CF-057326E09F8E}"
EndProject
Project("{FAE04EC0-301F-11D3-BF4B-00C04F79EFBC}") = "LAB 4", "LAB 4\LAB 4.csproj", "{11BDF2D7-8374-4319-8EF1-54A21960F00B}"
EndProject
Project("{FAE04EC0-301F-11D3-BF4B-00C04F79EFBC}") = "LAB 5", "LAB 5\LAB 5.csproj", "{AE6CB17E-8B3A-4A57-8084-32DF62AFBD26}"
EndProject
Global
	GlobalSection(SolutionConfigurationPlatforms) = preSolution
		Debug|Any CPU = Debug|Any CPU
		Release|Any CPU = Release|Any CPU
	EndGlobalSection
	GlobalSection(ProjectConfigurationPlatforms) = postSolution
		{FC4D232D-E0F0-4765-A6DC-8E59A4E7DC35}.Debug|Any CPU.ActiveCfg = Debug|Any CPU
		{FC4D232D-E0F0-4765-A6DC-8E59A4E7DC35}.Debug|Any CPU.Build.0 = Debug|Any CPU
		{FC4D232D-E0F0-4765-A6DC-8E59A4E7DC35}.Release|Any CPU.ActiveCfg = Release|Any CPU
		{FC4D232D-E0F0-4765-A6DC-8E59A4E7DC35}.Release|Any CPU.Build.0 = Release|Any CPU
		{86A6FF74-F91E-472B-9ED0-F2373BD7E2DE}.Debug|Any CPU.ActiveCfg = Debug|Any CPU
		{86A6FF74-F91E-472B-9ED0-F2373BD7E2DE}.Debug|Any CPU.Build.0 = Debug|Any CPU
		{86A6FF74-F91E-472B-9ED0-F2373BD7E2DE}.Release|Any CPU.ActiveCfg = Release|Any CPU
		{86A6FF74-F91E-472B-9ED0-F2373BD7E2DE}.Release|Any CPU.Build.0 = Release|Any CPU
		{DF5FDC57-82F6-4044-A6CF-057326E09F8E}.Debug|Any CPU.ActiveCfg = Debug|Any CPU
		{DF5FDC57-82F6-4044-A6CF-057326E09F8E}.Debug|Any CPU.Build.0 = Debug|Any CPU
		{DF5FDC57-82F6-4044-A6CF-057326E09F8E}.Release|Any CPU.ActiveCfg = Release|Any CPU
		{DF5FDC57-82F6-4044-A6CF-057326E09F8E}.Release|Any CPU.Build.0 = Release|Any CPU
		{11BDF2D7-8374-4319-8EF1-54A21960F00B}.Debug|Any CPU.ActiveCfg = Debug|Any CPU
		{11BDF2D7-8374-4319-8EF1-54A21960F00B}.Debug|Any CPU.Build.0 = Debug|Any CPU
		{11BDF2D7-8374-4319-8EF1-54A21960F00B}.Release|Any CPU.ActiveCfg = Release|Any CPU
		{11BDF2D7-8374-4319-8EF1-54A21960F00B}.Release|Any CPU.Build.0 = Release|Any CPU
		{AE6CB17E-8B3A-4A57-8084-32DF62AFBD26}.Debug|Any CPU.ActiveCfg = Debug|Any CPU
		{AE6CB17E-8B3A-4A57-8084-32DF62AFBD26}.Debug|Any CPU.Build.0 = Debug|Any CPU
		{AE6CB17E-8B3A-4A57-8084-32DF62AFBD26}.Release|Any CPU.ActiveCfg = Release|Any CPU
		{AE6CB17E-8B3A-4A57-8084-32DF62AFBD26}.Release|Any CPU.Build.0 = Release|Any CPU
	EndGlobalSection
	GlobalSection(SolutionProperties) = preSolution
		HideSolutionNode = FALSE
	EndGlobalSection
	GlobalSection(ExtensibilityGlobals) = postSolution
		SolutionGuid = {BB8DC717-1F9B-4FC2-8B84-3EEB13C55FF2}
	EndGlobalSection
EndGlobal
